
Microsoft Visual Studio Solution File, Format Version 12.00
# Visual Studio Version 16
VisualStudioVersion = 16.0.29102.190
MinimumVisualStudioVersion = 10.0.40219.1
Project("{9A19103F-16F7-4668-BE54-9A1E7A4F7556}") = "Core", "Core\Core.csproj", "{944113AC-74F2-4CDF-9F1B-26F38185C9C6}"
EndProject
Project("{9A19103F-16F7-4668-BE54-9A1E7A4F7556}") = "Json", "Json\Json.csproj", "{B2CAAE42-E1A1-4AF1-B24C-91AF34E90856}"
EndProject
Project("{2150E333-8FDC-42A3-9474-1A3956D46DE8}") = "Samples", "Samples", "{5F7C6C97-9EC9-4ECF-BC55-98DADECFDBEF}"
EndProject
Project("{9A19103F-16F7-4668-BE54-9A1E7A4F7556}") = "Samples.Shape", "Samples\Samples.Shape\Samples.Shape.csproj", "{1811FB7B-8F1D-4BF5-A588-93D6B4BE51EF}"
EndProject
Project("{9A19103F-16F7-4668-BE54-9A1E7A4F7556}") = "Samples.BuildTimeAttributeBasedJsonSchemaGenerator", "Samples\Samples.BuildTimeAttributeBasedJsonSchemaGenerator\Samples.BuildTimeAttributeBasedJsonSchemaGenerator.csproj", "{B0DF3922-6429-4B16-90C5-32D30CC29793}"
EndProject
Project("{9A19103F-16F7-4668-BE54-9A1E7A4F7556}") = "TypeScript", "TypeScript\TypeScript.csproj", "{BCCEE7F6-8FCE-4D48-910B-CCFACA6AF2C9}"
EndProject
Project("{9A19103F-16F7-4668-BE54-9A1E7A4F7556}") = "Samples.RulesBasedTypeScriptSchemaGenerator", "Samples\Samples.RulesBasedTypeScriptSchemaGenerator\Samples.RulesBasedTypeScriptSchemaGenerator.csproj", "{B1FAE8C0-16FD-439E-B979-0DB37604A5A0}"
EndProject
Global
	GlobalSection(SolutionConfigurationPlatforms) = preSolution
		Debug|Any CPU = Debug|Any CPU
		Release|Any CPU = Release|Any CPU
	EndGlobalSection
	GlobalSection(ProjectConfigurationPlatforms) = postSolution
		{944113AC-74F2-4CDF-9F1B-26F38185C9C6}.Debug|Any CPU.ActiveCfg = Debug|Any CPU
		{944113AC-74F2-4CDF-9F1B-26F38185C9C6}.Debug|Any CPU.Build.0 = Debug|Any CPU
		{944113AC-74F2-4CDF-9F1B-26F38185C9C6}.Release|Any CPU.ActiveCfg = Release|Any CPU
		{944113AC-74F2-4CDF-9F1B-26F38185C9C6}.Release|Any CPU.Build.0 = Release|Any CPU
		{B2CAAE42-E1A1-4AF1-B24C-91AF34E90856}.Debug|Any CPU.ActiveCfg = Debug|Any CPU
		{B2CAAE42-E1A1-4AF1-B24C-91AF34E90856}.Debug|Any CPU.Build.0 = Debug|Any CPU
		{B2CAAE42-E1A1-4AF1-B24C-91AF34E90856}.Release|Any CPU.ActiveCfg = Release|Any CPU
		{B2CAAE42-E1A1-4AF1-B24C-91AF34E90856}.Release|Any CPU.Build.0 = Release|Any CPU
		{1811FB7B-8F1D-4BF5-A588-93D6B4BE51EF}.Debug|Any CPU.ActiveCfg = Debug|Any CPU
		{1811FB7B-8F1D-4BF5-A588-93D6B4BE51EF}.Debug|Any CPU.Build.0 = Debug|Any CPU
		{1811FB7B-8F1D-4BF5-A588-93D6B4BE51EF}.Release|Any CPU.ActiveCfg = Release|Any CPU
		{1811FB7B-8F1D-4BF5-A588-93D6B4BE51EF}.Release|Any CPU.Build.0 = Release|Any CPU
		{B0DF3922-6429-4B16-90C5-32D30CC29793}.Debug|Any CPU.ActiveCfg = Debug|Any CPU
		{B0DF3922-6429-4B16-90C5-32D30CC29793}.Debug|Any CPU.Build.0 = Debug|Any CPU
		{B0DF3922-6429-4B16-90C5-32D30CC29793}.Release|Any CPU.ActiveCfg = Release|Any CPU
		{B0DF3922-6429-4B16-90C5-32D30CC29793}.Release|Any CPU.Build.0 = Release|Any CPU
		{BCCEE7F6-8FCE-4D48-910B-CCFACA6AF2C9}.Debug|Any CPU.ActiveCfg = Debug|Any CPU
		{BCCEE7F6-8FCE-4D48-910B-CCFACA6AF2C9}.Debug|Any CPU.Build.0 = Debug|Any CPU
		{BCCEE7F6-8FCE-4D48-910B-CCFACA6AF2C9}.Release|Any CPU.ActiveCfg = Release|Any CPU
		{BCCEE7F6-8FCE-4D48-910B-CCFACA6AF2C9}.Release|Any CPU.Build.0 = Release|Any CPU
		{B1FAE8C0-16FD-439E-B979-0DB37604A5A0}.Debug|Any CPU.ActiveCfg = Debug|Any CPU
		{B1FAE8C0-16FD-439E-B979-0DB37604A5A0}.Debug|Any CPU.Build.0 = Debug|Any CPU
		{B1FAE8C0-16FD-439E-B979-0DB37604A5A0}.Release|Any CPU.ActiveCfg = Release|Any CPU
		{B1FAE8C0-16FD-439E-B979-0DB37604A5A0}.Release|Any CPU.Build.0 = Release|Any CPU
	EndGlobalSection
	GlobalSection(SolutionProperties) = preSolution
		HideSolutionNode = FALSE
	EndGlobalSection
	GlobalSection(NestedProjects) = preSolution
		{1811FB7B-8F1D-4BF5-A588-93D6B4BE51EF} = {5F7C6C97-9EC9-4ECF-BC55-98DADECFDBEF}
		{B0DF3922-6429-4B16-90C5-32D30CC29793} = {5F7C6C97-9EC9-4ECF-BC55-98DADECFDBEF}
		{B1FAE8C0-16FD-439E-B979-0DB37604A5A0} = {5F7C6C97-9EC9-4ECF-BC55-98DADECFDBEF}
	EndGlobalSection
	GlobalSection(ExtensibilityGlobals) = postSolution
		SolutionGuid = {73C7CA23-DDA3-4A68-AFCF-498A442496BE}
	EndGlobalSection
EndGlobal
